
Microsoft Visual Studio Solution File, Format Version 12.00
# Visual Studio Version 16
VisualStudioVersion = 16.0.30114.105
MinimumVisualStudioVersion = 10.0.40219.1
Project("{FAE04EC0-301F-11D3-BF4B-00C04F79EFBC}") = "TravelAPI", "TravelAPI\TravelAPI.csproj", "{BAABA588-EC50-439A-8F3B-0BD33E6667EA}"
EndProject
Global
	GlobalSection(SolutionConfigurationPlatforms) = preSolution
		Debug|Any CPU = Debug|Any CPU
		Release|Any CPU = Release|Any CPU
	EndGlobalSection
	GlobalSection(ProjectConfigurationPlatforms) = postSolution
		{BAABA588-EC50-439A-8F3B-0BD33E6667EA}.Debug|Any CPU.ActiveCfg = Debug|Any CPU
		{BAABA588-EC50-439A-8F3B-0BD33E6667EA}.Debug|Any CPU.Build.0 = Debug|Any CPU
		{BAABA588-EC50-439A-8F3B-0BD33E6667EA}.Release|Any CPU.ActiveCfg = Release|Any CPU
		{BAABA588-EC50-439A-8F3B-0BD33E6667EA}.Release|Any CPU.Build.0 = Release|Any CPU
	EndGlobalSection
	GlobalSection(SolutionProperties) = preSolution
		HideSolutionNode = FALSE
	EndGlobalSection
	GlobalSection(ExtensibilityGlobals) = postSolution
		SolutionGuid = {4E96DCE4-1A96-432D-A062-58DF7744A877}
	EndGlobalSection
EndGlobal
